
Microsoft Visual Studio Solution File, Format Version 12.00
# Visual Studio Version 16
VisualStudioVersion = 16.0.30717.126
MinimumVisualStudioVersion = 10.0.40219.1
Project("{FAE04EC0-301F-11D3-BF4B-00C04F79EFBC}") = "WebApplication44", "WebApplication44\WebApplication44.csproj", "{9D12C38F-76A8-4823-B96A-0EC3A4A6EC88}"
EndProject
Global
	GlobalSection(SolutionConfigurationPlatforms) = preSolution
		Debug|Any CPU = Debug|Any CPU
		Release|Any CPU = Release|Any CPU
	EndGlobalSection
	GlobalSection(ProjectConfigurationPlatforms) = postSolution
		{9D12C38F-76A8-4823-B96A-0EC3A4A6EC88}.Debug|Any CPU.ActiveCfg = Debug|Any CPU
		{9D12C38F-76A8-4823-B96A-0EC3A4A6EC88}.Debug|Any CPU.Build.0 = Debug|Any CPU
		{9D12C38F-76A8-4823-B96A-0EC3A4A6EC88}.Release|Any CPU.ActiveCfg = Release|Any CPU
		{9D12C38F-76A8-4823-B96A-0EC3A4A6EC88}.Release|Any CPU.Build.0 = Release|Any CPU
	EndGlobalSection
	GlobalSection(SolutionProperties) = preSolution
		HideSolutionNode = FALSE
	EndGlobalSection
	GlobalSection(ExtensibilityGlobals) = postSolution
		SolutionGuid = {E0061172-EA7C-4211-A800-B8DB22BBC3C1}
	EndGlobalSection
EndGlobal
